# THIS IS AN AUTOGENERATED FILE. DO NOT EDIT THIS FILE DIRECTLY.
# yarn lockfile v1


"@datastructures-js/binary-search-tree@^2.0.1":
  version "2.0.1"
  resolved "https://registry.yarnpkg.com/@datastructures-js/binary-search-tree/-/binary-search-tree-2.0.1.tgz#a08eb1722f6ef9a513dabce636e075fa77aee236"
  integrity sha512-RsoBA1X3st4/6/AHmUJVTZNpq/391LUXue9ozALaEFE1/wQ/n7AB0MWm22xsXE0f3x18fCO3A1XDF4Fvgwx7xg==
